// !$*UTF8*$!
{
	archiveVersion = 1;
	classes = {
	};
	objectVersion = 46;
	objects = {

/* Begin PBXBuildFile section */
		3B3728171BCA1A4000BB49D1 /* main.m in Sources */ = {isa = PBXBuildFile; fileRef = 3B3728161BCA1A4000BB49D1 /* main.m */; };
		3B37281A1BCA1A4000BB49D1 /* AppDelegate.m in Sources */ = {isa = PBXBuildFile; fileRef = 3B3728191BCA1A4000BB49D1 /* AppDelegate.m */; };
		3B37281D1BCA1A4000BB49D1 /* ViewController.m in Sources */ = {isa = PBXBuildFile; fileRef = 3B37281C1BCA1A4000BB49D1 /* ViewController.m */; };
		3B3728221BCA1A4000BB49D1 /* Assets.xcassets in Resources */ = {isa = PBXBuildFile; fileRef = 3B3728211BCA1A4000BB49D1 /* Assets.xcassets */; };
		3B3728251BCA1A4000BB49D1 /* LaunchScreen.storyboard in Resources */ = {isa = PBXBuildFile; fileRef = 3B3728231BCA1A4000BB49D1 /* LaunchScreen.storyboard */; };
		3B3728341BCA1EB700BB49D1 /* check1-img.png in Resources */ = {isa = PBXBuildFile; fileRef = 3B3728321BCA1EB700BB49D1 /* check1-img.png */; settings = {ASSET_TAGS = (); }; };
		3B3728351BCA1EB700BB49D1 /* delete1-img.png in Resources */ = {isa = PBXBuildFile; fileRef = 3B3728331BCA1EB700BB49D1 /* delete1-img.png */; settings = {ASSET_TAGS = (); }; };
		3B3728381BCA307F00BB49D1 /* Bolts.framework in Frameworks */ = {isa = PBXBuildFile; fileRef = 3B3728361BCA307F00BB49D1 /* Bolts.framework */; settings = {ASSET_TAGS = (); }; };
		3B3728391BCA307F00BB49D1 /* Parse.framework in Frameworks */ = {isa = PBXBuildFile; fileRef = 3B3728371BCA307F00BB49D1 /* Parse.framework */; settings = {ASSET_TAGS = (); }; };
		3B3728421BCA30C400BB49D1 /* AudioToolbox.framework in Frameworks */ = {isa = PBXBuildFile; fileRef = 3B37283A1BCA30C400BB49D1 /* AudioToolbox.framework */; };
		3B3728431BCA30C400BB49D1 /* CFNetwork.framework in Frameworks */ = {isa = PBXBuildFile; fileRef = 3B37283B1BCA30C400BB49D1 /* CFNetwork.framework */; };
		3B3728441BCA30C400BB49D1 /* CoreGraphics.framework in Frameworks */ = {isa = PBXBuildFile; fileRef = 3B37283C1BCA30C400BB49D1 /* CoreGraphics.framework */; };
		3B3728451BCA30C400BB49D1 /* CoreLocation.framework in Frameworks */ = {isa = PBXBuildFile; fileRef = 3B37283D1BCA30C400BB49D1 /* CoreLocation.framework */; };
		3B3728461BCA30C400BB49D1 /* QuartzCore.framework in Frameworks */ = {isa = PBXBuildFile; fileRef = 3B37283E1BCA30C400BB49D1 /* QuartzCore.framework */; };
		3B3728471BCA30C400BB49D1 /* Security.framework in Frameworks */ = {isa = PBXBuildFile; fileRef = 3B37283F1BCA30C400BB49D1 /* Security.framework */; };
		3B3728481BCA30C400BB49D1 /* StoreKit.framework in Frameworks */ = {isa = PBXBuildFile; fileRef = 3B3728401BCA30C400BB49D1 /* StoreKit.framework */; };
		3B3728491BCA30C400BB49D1 /* SystemConfiguration.framework in Frameworks */ = {isa = PBXBuildFile; fileRef = 3B3728411BCA30C400BB49D1 /* SystemConfiguration.framework */; };
		3B37284B1BCA30D400BB49D1 /* libz.1.dylib in Frameworks */ = {isa = PBXBuildFile; fileRef = 3B37284A1BCA30D400BB49D1 /* libz.1.dylib */; };
		3B37284D1BCA30E200BB49D1 /* libsqlite3.dylib in Frameworks */ = {isa = PBXBuildFile; fileRef = 3B37284C1BCA30E200BB49D1 /* libsqlite3.dylib */; };
		3B3728501BCA30ED00BB49D1 /* Accounts.framework in Frameworks */ = {isa = PBXBuildFile; fileRef = 3B37284E1BCA30ED00BB49D1 /* Accounts.framework */; };
		3B3728511BCA30ED00BB49D1 /* Social.framework in Frameworks */ = {isa = PBXBuildFile; fileRef = 3B37284F1BCA30ED00BB49D1 /* Social.framework */; };
		3B3728531BCA318900BB49D1 /* MobileCoreServices.framework in Frameworks */ = {isa = PBXBuildFile; fileRef = 3B3728521BCA318900BB49D1 /* MobileCoreServices.framework */; };
		3B3728551BCA385E00BB49D1 /* ParseUI.framework in Frameworks */ = {isa = PBXBuildFile; fileRef = 3B3728541BCA385E00BB49D1 /* ParseUI.framework */; settings = {ASSET_TAGS = (); }; };
		FA23652E1BCA51EE0000ECA2 /* Reservation.m in Sources */ = {isa = PBXBuildFile; fileRef = FA23652D1BCA51EE0000ECA2 /* Reservation.m */; settings = {ASSET_TAGS = (); }; };
		FA2365941BCAADBB0000ECA2 /* ReservationTableViewController.m in Sources */ = {isa = PBXBuildFile; fileRef = FA2365931BCAADBB0000ECA2 /* ReservationTableViewController.m */; settings = {ASSET_TAGS = (); }; };
		FA2365971BCAB0B90000ECA2 /* DetailViewController.m in Sources */ = {isa = PBXBuildFile; fileRef = FA2365961BCAB0B90000ECA2 /* DetailViewController.m */; settings = {ASSET_TAGS = (); }; };
		FA23659B1BCAB33C0000ECA2 /* Main.storyboard in Resources */ = {isa = PBXBuildFile; fileRef = FA23659A1BCAB33C0000ECA2 /* Main.storyboard */; settings = {ASSET_TAGS = (); }; };
/* End PBXBuildFile section */

/* Begin PBXFileReference section */
		3B3728121BCA1A4000BB49D1 /* TestTableViewCellUI.app */ = {isa = PBXFileReference; explicitFileType = wrapper.application; includeInIndex = 0; path = TestTableViewCellUI.app; sourceTree = BUILT_PRODUCTS_DIR; };
		3B3728161BCA1A4000BB49D1 /* main.m */ = {isa = PBXFileReference; lastKnownFileType = sourcecode.c.objc; path = main.m; sourceTree = "<group>"; };
		3B3728181BCA1A4000BB49D1 /* AppDelegate.h */ = {isa = PBXFileReference; lastKnownFileType = sourcecode.c.h; path = AppDelegate.h; sourceTree = "<group>"; };
		3B3728191BCA1A4000BB49D1 /* AppDelegate.m */ = {isa = PBXFileReference; lastKnownFileType = sourcecode.c.objc; path = AppDelegate.m; sourceTree = "<group>"; };
		3B37281B1BCA1A4000BB49D1 /* ViewController.h */ = {isa = PBXFileReference; lastKnownFileType = sourcecode.c.h; path = ViewController.h; sourceTree = "<group>"; };
		3B37281C1BCA1A4000BB49D1 /* ViewController.m */ = {isa = PBXFileReference; lastKnownFileType = sourcecode.c.objc; path = ViewController.m; sourceTree = "<group>"; };
		3B3728211BCA1A4000BB49D1 /* Assets.xcassets */ = {isa = PBXFileReference; lastKnownFileType = folder.assetcatalog; path = Assets.xcassets; sourceTree = "<group>"; };
		3B3728241BCA1A4000BB49D1 /* Base */ = {isa = PBXFileReference; lastKnownFileType = file.storyboard; name = Base; path = Base.lproj/LaunchScreen.storyboard; sourceTree = "<group>"; };
		3B3728261BCA1A4000BB49D1 /* Info.plist */ = {isa = PBXFileReference; lastKnownFileType = text.plist.xml; path = Info.plist; sourceTree = "<group>"; };
		3B3728321BCA1EB700BB49D1 /* check1-img.png */ = {isa = PBXFileReference; lastKnownFileType = image.png; path = "check1-img.png"; sourceTree = "<group>"; };
		3B3728331BCA1EB700BB49D1 /* delete1-img.png */ = {isa = PBXFileReference; lastKnownFileType = image.png; path = "delete1-img.png"; sourceTree = "<group>"; };
		3B3728361BCA307F00BB49D1 /* Bolts.framework */ = {isa = PBXFileReference; lastKnownFileType = wrapper.framework; path = Bolts.framework; sourceTree = "<group>"; };
		3B3728371BCA307F00BB49D1 /* Parse.framework */ = {isa = PBXFileReference; lastKnownFileType = wrapper.framework; path = Parse.framework; sourceTree = "<group>"; };
		3B37283A1BCA30C400BB49D1 /* AudioToolbox.framework */ = {isa = PBXFileReference; lastKnownFileType = wrapper.framework; name = AudioToolbox.framework; path = System/Library/Frameworks/AudioToolbox.framework; sourceTree = SDKROOT; };
		3B37283B1BCA30C400BB49D1 /* CFNetwork.framework */ = {isa = PBXFileReference; lastKnownFileType = wrapper.framework; name = CFNetwork.framework; path = System/Library/Frameworks/CFNetwork.framework; sourceTree = SDKROOT; };
		3B37283C1BCA30C400BB49D1 /* CoreGraphics.framework */ = {isa = PBXFileReference; lastKnownFileType = wrapper.framework; name = CoreGraphics.framework; path = System/Library/Frameworks/CoreGraphics.framework; sourceTree = SDKROOT; };
		3B37283D1BCA30C400BB49D1 /* CoreLocation.framework */ = {isa = PBXFileReference; lastKnownFileType = wrapper.framework; name = CoreLocation.framework; path = System/Library/Frameworks/CoreLocation.framework; sourceTree = SDKROOT; };
		3B37283E1BCA30C400BB49D1 /* QuartzCore.framework */ = {isa = PBXFileReference; lastKnownFileType = wrapper.framework; name = QuartzCore.framework; path = System/Library/Frameworks/QuartzCore.framework; sourceTree = SDKROOT; };
		3B37283F1BCA30C400BB49D1 /* Security.framework */ = {isa = PBXFileReference; lastKnownFileType = wrapper.framework; name = Security.framework; path = System/Library/Frameworks/Security.framework; sourceTree = SDKROOT; };
		3B3728401BCA30C400BB49D1 /* StoreKit.framework */ = {isa = PBXFileReference; lastKnownFileType = wrapper.framework; name = StoreKit.framework; path = System/Library/Frameworks/StoreKit.framework; sourceTree = SDKROOT; };
		3B3728411BCA30C400BB49D1 /* SystemConfiguration.framework */ = {isa = PBXFileReference; lastKnownFileType = wrapper.framework; name = SystemConfiguration.framework; path = System/Library/Frameworks/SystemConfiguration.framework; sourceTree = SDKROOT; };
		3B37284A1BCA30D400BB49D1 /* libz.1.dylib */ = {isa = PBXFileReference; lastKnownFileType = "compiled.mach-o.dylib"; name = libz.1.dylib; path = /usr/lib/libz.1.dylib; sourceTree = "<absolute>"; };
		3B37284C1BCA30E200BB49D1 /* libsqlite3.dylib */ = {isa = PBXFileReference; lastKnownFileType = "compiled.mach-o.dylib"; name = libsqlite3.dylib; path = /usr/lib/libsqlite3.dylib; sourceTree = "<absolute>"; };
		3B37284E1BCA30ED00BB49D1 /* Accounts.framework */ = {isa = PBXFileReference; lastKnownFileType = wrapper.framework; name = Accounts.framework; path = System/Library/Frameworks/Accounts.framework; sourceTree = SDKROOT; };
		3B37284F1BCA30ED00BB49D1 /* Social.framework */ = {isa = PBXFileReference; lastKnownFileType = wrapper.framework; name = Social.framework; path = System/Library/Frameworks/Social.framework; sourceTree = SDKROOT; };
		3B3728521BCA318900BB49D1 /* MobileCoreServices.framework */ = {isa = PBXFileReference; lastKnownFileType = wrapper.framework; name = MobileCoreServices.framework; path = System/Library/Frameworks/MobileCoreServices.framework; sourceTree = SDKROOT; };
		3B3728541BCA385E00BB49D1 /* ParseUI.framework */ = {isa = PBXFileReference; lastKnownFileType = wrapper.framework; path = ParseUI.framework; sourceTree = "<group>"; };
		FA23652C1BCA51EE0000ECA2 /* Reservation.h */ = {isa = PBXFileReference; fileEncoding = 4; lastKnownFileType = sourcecode.c.h; name = Reservation.h; path = ../Reservation.h; sourceTree = "<group>"; };
		FA23652D1BCA51EE0000ECA2 /* Reservation.m */ = {isa = PBXFileReference; fileEncoding = 4; lastKnownFileType = sourcecode.c.objc; name = Reservation.m; path = ../Reservation.m; sourceTree = "<group>"; };
		FA2365921BCAADBB0000ECA2 /* ReservationTableViewController.h */ = {isa = PBXFileReference; fileEncoding = 4; lastKnownFileType = sourcecode.c.h; path = ReservationTableViewController.h; sourceTree = "<group>"; };
		FA2365931BCAADBB0000ECA2 /* ReservationTableViewController.m */ = {isa = PBXFileReference; fileEncoding = 4; lastKnownFileType = sourcecode.c.objc; path = ReservationTableViewController.m; sourceTree = "<group>"; };
		FA2365951BCAB0B90000ECA2 /* DetailViewController.h */ = {isa = PBXFileReference; fileEncoding = 4; lastKnownFileType = sourcecode.c.h; path = DetailViewController.h; sourceTree = "<group>"; };
		FA2365961BCAB0B90000ECA2 /* DetailViewController.m */ = {isa = PBXFileReference; fileEncoding = 4; lastKnownFileType = sourcecode.c.objc; path = DetailViewController.m; sourceTree = "<group>"; };
		FA23659A1BCAB33C0000ECA2 /* Main.storyboard */ = {isa = PBXFileReference; fileEncoding = 4; lastKnownFileType = file.storyboard; path = Main.storyboard; sourceTree = "<group>"; };
/* End PBXFileReference section */

/* Begin PBXFrameworksBuildPhase section */
		3B37280F1BCA1A4000BB49D1 /* Frameworks */ = {
			isa = PBXFrameworksBuildPhase;
			buildActionMask = 2147483647;
			files = (
				3B3728531BCA318900BB49D1 /* MobileCoreServices.framework in Frameworks */,
				3B3728501BCA30ED00BB49D1 /* Accounts.framework in Frameworks */,
				3B3728511BCA30ED00BB49D1 /* Social.framework in Frameworks */,
				3B37284D1BCA30E200BB49D1 /* libsqlite3.dylib in Frameworks */,
				3B37284B1BCA30D400BB49D1 /* libz.1.dylib in Frameworks */,
				3B3728421BCA30C400BB49D1 /* AudioToolbox.framework in Frameworks */,
				3B3728551BCA385E00BB49D1 /* ParseUI.framework in Frameworks */,
				3B3728431BCA30C400BB49D1 /* CFNetwork.framework in Frameworks */,
				3B3728441BCA30C400BB49D1 /* CoreGraphics.framework in Frameworks */,
				3B3728451BCA30C400BB49D1 /* CoreLocation.framework in Frameworks */,
				3B3728461BCA30C400BB49D1 /* QuartzCore.framework in Frameworks */,
				3B3728471BCA30C400BB49D1 /* Security.framework in Frameworks */,
				3B3728481BCA30C400BB49D1 /* StoreKit.framework in Frameworks */,
				3B3728491BCA30C400BB49D1 /* SystemConfiguration.framework in Frameworks */,
				3B3728391BCA307F00BB49D1 /* Parse.framework in Frameworks */,
				3B3728381BCA307F00BB49D1 /* Bolts.framework in Frameworks */,
			);
			runOnlyForDeploymentPostprocessing = 0;
		};
/* End PBXFrameworksBuildPhase section */

/* Begin PBXGroup section */
		3B3728091BCA1A4000BB49D1 = {
			isa = PBXGroup;
			children = (
				3B3728141BCA1A4000BB49D1 /* TestTableViewCellUI */,
				3B3728131BCA1A4000BB49D1 /* Products */,
			);
			sourceTree = "<group>";
		};
		3B3728131BCA1A4000BB49D1 /* Products */ = {
			isa = PBXGroup;
			children = (
				3B3728121BCA1A4000BB49D1 /* TestTableViewCellUI.app */,
			);
			name = Products;
			sourceTree = "<group>";
		};
		3B3728141BCA1A4000BB49D1 /* TestTableViewCellUI */ = {
			isa = PBXGroup;
			children = (
				FA23652C1BCA51EE0000ECA2 /* Reservation.h */,
				FA23652D1BCA51EE0000ECA2 /* Reservation.m */,
				3B3728181BCA1A4000BB49D1 /* AppDelegate.h */,
				3B3728191BCA1A4000BB49D1 /* AppDelegate.m */,
				3B37281B1BCA1A4000BB49D1 /* ViewController.h */,
				3B37281C1BCA1A4000BB49D1 /* ViewController.m */,
				FA23659A1BCAB33C0000ECA2 /* Main.storyboard */,
				FA2365951BCAB0B90000ECA2 /* DetailViewController.h */,
				FA2365961BCAB0B90000ECA2 /* DetailViewController.m */,
				FA2365921BCAADBB0000ECA2 /* ReservationTableViewController.h */,
				FA2365931BCAADBB0000ECA2 /* ReservationTableViewController.m */,
				3B3728211BCA1A4000BB49D1 /* Assets.xcassets */,
				3B3728321BCA1EB700BB49D1 /* check1-img.png */,
				3B3728331BCA1EB700BB49D1 /* delete1-img.png */,
				3B3728231BCA1A4000BB49D1 /* LaunchScreen.storyboard */,
				3B3728261BCA1A4000BB49D1 /* Info.plist */,
				3B3728151BCA1A4000BB49D1 /* Supporting Files */,
			);
			path = TestTableViewCellUI;
			sourceTree = "<group>";
		};
		3B3728151BCA1A4000BB49D1 /* Supporting Files */ = {
			isa = PBXGroup;
			children = (
				3B3728541BCA385E00BB49D1 /* ParseUI.framework */,
				3B3728521BCA318900BB49D1 /* MobileCoreServices.framework */,
				3B37284E1BCA30ED00BB49D1 /* Accounts.framework */,
				3B37284F1BCA30ED00BB49D1 /* Social.framework */,
				3B37284C1BCA30E200BB49D1 /* libsqlite3.dylib */,
				3B37284A1BCA30D400BB49D1 /* libz.1.dylib */,
				3B37283A1BCA30C400BB49D1 /* AudioToolbox.framework */,
				3B37283B1BCA30C400BB49D1 /* CFNetwork.framework */,
				3B37283C1BCA30C400BB49D1 /* CoreGraphics.framework */,
				3B37283D1BCA30C400BB49D1 /* CoreLocation.framework */,
				3B37283E1BCA30C400BB49D1 /* QuartzCore.framework */,
				3B37283F1BCA30C400BB49D1 /* Security.framework */,
				3B3728401BCA30C400BB49D1 /* StoreKit.framework */,
				3B3728411BCA30C400BB49D1 /* SystemConfiguration.framework */,
				3B3728361BCA307F00BB49D1 /* Bolts.framework */,
				3B3728371BCA307F00BB49D1 /* Parse.framework */,
				3B3728161BCA1A4000BB49D1 /* main.m */,
			);
			name = "Supporting Files";
			sourceTree = "<group>";
		};
/* End PBXGroup section */

/* Begin PBXNativeTarget section */
		3B3728111BCA1A4000BB49D1 /* TestTableViewCellUI */ = {
			isa = PBXNativeTarget;
			buildConfigurationList = 3B3728291BCA1A4000BB49D1 /* Build configuration list for PBXNativeTarget "TestTableViewCellUI" */;
			buildPhases = (
				3B37280E1BCA1A4000BB49D1 /* Sources */,
				3B37280F1BCA1A4000BB49D1 /* Frameworks */,
				3B3728101BCA1A4000BB49D1 /* Resources */,
			);
			buildRules = (
			);
			dependencies = (
			);
			name = TestTableViewCellUI;
			productName = TestTableViewCellUI;
			productReference = 3B3728121BCA1A4000BB49D1 /* TestTableViewCellUI.app */;
			productType = "com.apple.product-type.application";
		};
/* End PBXNativeTarget section */

/* Begin PBXProject section */
		3B37280A1BCA1A4000BB49D1 /* Project object */ = {
			isa = PBXProject;
			attributes = {
				LastUpgradeCheck = 0700;
				ORGANIZATIONNAME = "Pongsakorn Cherngchaosil";
				TargetAttributes = {
					3B3728111BCA1A4000BB49D1 = {
						CreatedOnToolsVersion = 7.0;
						DevelopmentTeam = C3V4QQ3VFL;
					};
				};
			};
			buildConfigurationList = 3B37280D1BCA1A4000BB49D1 /* Build configuration list for PBXProject "TestTableViewCellUI" */;
			compatibilityVersion = "Xcode 3.2";
			developmentRegion = English;
			hasScannedForEncodings = 0;
			knownRegions = (
				en,
				Base,
			);
			mainGroup = 3B3728091BCA1A4000BB49D1;
			productRefGroup = 3B3728131BCA1A4000BB49D1 /* Products */;
			projectDirPath = "";
			projectRoot = "";
			targets = (
				3B3728111BCA1A4000BB49D1 /* TestTableViewCellUI */,
			);
		};
/* End PBXProject section */

/* Begin PBXResourcesBuildPhase section */
		3B3728101BCA1A4000BB49D1 /* Resources */ = {
			isa = PBXResourcesBuildPhase;
			buildActionMask = 2147483647;
			files = (
				FA23659B1BCAB33C0000ECA2 /* Main.storyboard in Resources */,
				3B3728251BCA1A4000BB49D1 /* LaunchScreen.storyboard in Resources */,
				3B3728221BCA1A4000BB49D1 /* Assets.xcassets in Resources */,
				3B3728341BCA1EB700BB49D1 /* check1-img.png in Resources */,
				3B3728351BCA1EB700BB49D1 /* delete1-img.png in Resources */,
			);
			runOnlyForDeploymentPostprocessing = 0;
		};
/* End PBXResourcesBuildPhase section */

/* Begin PBXSourcesBuildPhase section */
		3B37280E1BCA1A4000BB49D1 /* Sources */ = {
			isa = PBXSourcesBuildPhase;
			buildActionMask = 2147483647;
			files = (
				FA23652E1BCA51EE0000ECA2 /* Reservation.m in Sources */,
				3B37281D1BCA1A4000BB49D1 /* ViewController.m in Sources */,
				3B37281A1BCA1A4000BB49D1 /* AppDelegate.m in Sources */,
				FA2365971BCAB0B90000ECA2 /* DetailViewController.m in Sources */,
				FA2365941BCAADBB0000ECA2 /* ReservationTableViewController.m in Sources */,
				3B3728171BCA1A4000BB49D1 /* main.m in Sources */,
			);
			runOnlyForDeploymentPostprocessing = 0;
		};
/* End PBXSourcesBuildPhase section */

/* Begin PBXVariantGroup section */
		3B3728231BCA1A4000BB49D1 /* LaunchScreen.storyboard */ = {
			isa = PBXVariantGroup;
			children = (
				3B3728241BCA1A4000BB49D1 /* Base */,
			);
			name = LaunchScreen.storyboard;
			sourceTree = "<group>";
		};
/* End PBXVariantGroup section */

/* Begin XCBuildConfiguration section */
		3B3728271BCA1A4000BB49D1 /* Debug */ = {
			isa = XCBuildConfiguration;
			buildSettings = {
				ALWAYS_SEARCH_USER_PATHS = NO;
				CLANG_CXX_LANGUAGE_STANDARD = "gnu++0x";
				CLANG_CXX_LIBRARY = "libc++";
				CLANG_ENABLE_MODULES = YES;
				CLANG_ENABLE_OBJC_ARC = YES;
				CLANG_WARN_BOOL_CONVERSION = YES;
				CLANG_WARN_CONSTANT_CONVERSION = YES;
				CLANG_WARN_DIRECT_OBJC_ISA_USAGE = YES_ERROR;
				CLANG_WARN_EMPTY_BODY = YES;
				CLANG_WARN_ENUM_CONVERSION = YES;
				CLANG_WARN_INT_CONVERSION = YES;
				CLANG_WARN_OBJC_ROOT_CLASS = YES_ERROR;
				CLANG_WARN_UNREACHABLE_CODE = YES;
				CLANG_WARN__DUPLICATE_METHOD_MATCH = YES;
				"CODE_SIGN_IDENTITY[sdk=iphoneos*]" = "iPhone Developer";
				COPY_PHASE_STRIP = NO;
				DEBUG_INFORMATION_FORMAT = dwarf;
				ENABLE_STRICT_OBJC_MSGSEND = YES;
				ENABLE_TESTABILITY = YES;
				GCC_C_LANGUAGE_STANDARD = gnu99;
				GCC_DYNAMIC_NO_PIC = NO;
				GCC_NO_COMMON_BLOCKS = YES;
				GCC_OPTIMIZATION_LEVEL = 0;
				GCC_PREPROCESSOR_DEFINITIONS = (
					"DEBUG=1",
					"$(inherited)",
				);
				GCC_WARN_64_TO_32_BIT_CONVERSION = YES;
				GCC_WARN_ABOUT_RETURN_TYPE = YES_ERROR;
				GCC_WARN_UNDECLARED_SELECTOR = YES;
				GCC_WARN_UNINITIALIZED_AUTOS = YES_AGGRESSIVE;
				GCC_WARN_UNUSED_FUNCTION = YES;
				GCC_WARN_UNUSED_VARIABLE = YES;
				IPHONEOS_DEPLOYMENT_TARGET = 9.0;
				MTL_ENABLE_DEBUG_INFO = YES;
				ONLY_ACTIVE_ARCH = YES;
				SDKROOT = iphoneos;
			};
			name = Debug;
		};
		3B3728281BCA1A4000BB49D1 /* Release */ = {
			isa = XCBuildConfiguration;
			buildSettings = {
				ALWAYS_SEARCH_USER_PATHS = NO;
				CLANG_CXX_LANGUAGE_STANDARD = "gnu++0x";
				CLANG_CXX_LIBRARY = "libc++";
				CLANG_ENABLE_MODULES = YES;
				CLANG_ENABLE_OBJC_ARC = YES;
				CLANG_WARN_BOOL_CONVERSION = YES;
				CLANG_WARN_CONSTANT_CONVERSION = YES;
				CLANG_WARN_DIRECT_OBJC_ISA_USAGE = YES_ERROR;
				CLANG_WARN_EMPTY_BODY = YES;
				CLANG_WARN_ENUM_CONVERSION = YES;
				CLANG_WARN_INT_CONVERSION = YES;
				CLANG_WARN_OBJC_ROOT_CLASS = YES_ERROR;
				CLANG_WARN_UNREACHABLE_CODE = YES;
				CLANG_WARN__DUPLICATE_METHOD_MATCH = YES;
				"CODE_SIGN_IDENTITY[sdk=iphoneos*]" = "iPhone Developer";
				COPY_PHASE_STRIP = NO;
				DEBUG_INFORMATION_FORMAT = "dwarf-with-dsym";
				ENABLE_NS_ASSERTIONS = NO;
				ENABLE_STRICT_OBJC_MSGSEND = YES;
				GCC_C_LANGUAGE_STANDARD = gnu99;
				GCC_NO_COMMON_BLOCKS = YES;
				GCC_WARN_64_TO_32_BIT_CONVERSION = YES;
				GCC_WARN_ABOUT_RETURN_TYPE = YES_ERROR;
				GCC_WARN_UNDECLARED_SELECTOR = YES;
				GCC_WARN_UNINITIALIZED_AUTOS = YES_AGGRESSIVE;
				GCC_WARN_UNUSED_FUNCTION = YES;
				GCC_WARN_UNUSED_VARIABLE = YES;
				IPHONEOS_DEPLOYMENT_TARGET = 9.0;
				MTL_ENABLE_DEBUG_INFO = NO;
				SDKROOT = iphoneos;
				VALIDATE_PRODUCT = YES;
			};
			name = Release;
		};
		3B37282A1BCA1A4000BB49D1 /* Debug */ = {
			isa = XCBuildConfiguration;
			buildSettings = {
				ASSETCATALOG_COMPILER_APPICON_NAME = AppIcon;
				CODE_SIGN_IDENTITY = "iPhone Developer";
				"CODE_SIGN_IDENTITY[sdk=iphoneos*]" = "iPhone Developer";
				ENABLE_BITCODE = NO;
				FRAMEWORK_SEARCH_PATHS = (
					"$(inherited)",
					"$(PROJECT_DIR)/TestTableViewCellUI",
				);
				INFOPLIST_FILE = TestTableViewCellUI/Info.plist;
				LD_RUNPATH_SEARCH_PATHS = "$(inherited) @executable_path/Frameworks";
<<<<<<< HEAD
				PRODUCT_BUNDLE_IDENTIFIER = leaf.cherng.ParseTestNotification1;
=======
				PRODUCT_BUNDLE_IDENTIFIER = leaf.cherng.ParseTestNotificationz;
>>>>>>> 9c077ef92b8c5a3396938b5944d71794a9f12ff1
				PRODUCT_NAME = "$(TARGET_NAME)";
				PROVISIONING_PROFILE = "";
				SDKROOT = iphoneos9.0;
			};
			name = Debug;
		};
		3B37282B1BCA1A4000BB49D1 /* Release */ = {
			isa = XCBuildConfiguration;
			buildSettings = {
				ASSETCATALOG_COMPILER_APPICON_NAME = AppIcon;
				CODE_SIGN_IDENTITY = "iPhone Developer";
				"CODE_SIGN_IDENTITY[sdk=iphoneos*]" = "iPhone Developer";
				ENABLE_BITCODE = NO;
				FRAMEWORK_SEARCH_PATHS = (
					"$(inherited)",
					"$(PROJECT_DIR)/TestTableViewCellUI",
				);
				INFOPLIST_FILE = TestTableViewCellUI/Info.plist;
				LD_RUNPATH_SEARCH_PATHS = "$(inherited) @executable_path/Frameworks";
<<<<<<< HEAD
				PRODUCT_BUNDLE_IDENTIFIER = leaf.cherng.ParseTestNotification1;
=======
				PRODUCT_BUNDLE_IDENTIFIER = leaf.cherng.ParseTestNotificationz;
>>>>>>> 9c077ef92b8c5a3396938b5944d71794a9f12ff1
				PRODUCT_NAME = "$(TARGET_NAME)";
				PROVISIONING_PROFILE = "";
				SDKROOT = iphoneos9.0;
			};
			name = Release;
		};
/* End XCBuildConfiguration section */

/* Begin XCConfigurationList section */
		3B37280D1BCA1A4000BB49D1 /* Build configuration list for PBXProject "TestTableViewCellUI" */ = {
			isa = XCConfigurationList;
			buildConfigurations = (
				3B3728271BCA1A4000BB49D1 /* Debug */,
				3B3728281BCA1A4000BB49D1 /* Release */,
			);
			defaultConfigurationIsVisible = 0;
			defaultConfigurationName = Release;
		};
		3B3728291BCA1A4000BB49D1 /* Build configuration list for PBXNativeTarget "TestTableViewCellUI" */ = {
			isa = XCConfigurationList;
			buildConfigurations = (
				3B37282A1BCA1A4000BB49D1 /* Debug */,
				3B37282B1BCA1A4000BB49D1 /* Release */,
			);
			defaultConfigurationIsVisible = 0;
			defaultConfigurationName = Release;
		};
/* End XCConfigurationList section */
	};
	rootObject = 3B37280A1BCA1A4000BB49D1 /* Project object */;
}
